
Microsoft Visual Studio Solution File, Format Version 12.00
# Visual Studio 15
VisualStudioVersion = 15.0.26430.15
MinimumVisualStudioVersion = 10.0.40219.1
Project("{FAE04EC0-301F-11D3-BF4B-00C04F79EFBC}") = "Minedraft", "Minedraft\Minedraft.csproj", "{B46AA6B2-BB7E-45DB-BAF6-BC5F39226199}"
EndProject
Global
	GlobalSection(SolutionConfigurationPlatforms) = preSolution
		Debug|Any CPU = Debug|Any CPU
		Release|Any CPU = Release|Any CPU
	EndGlobalSection
	GlobalSection(ProjectConfigurationPlatforms) = postSolution
		{B46AA6B2-BB7E-45DB-BAF6-BC5F39226199}.Debug|Any CPU.ActiveCfg = Debug|Any CPU
		{B46AA6B2-BB7E-45DB-BAF6-BC5F39226199}.Debug|Any CPU.Build.0 = Debug|Any CPU
		{B46AA6B2-BB7E-45DB-BAF6-BC5F39226199}.Release|Any CPU.ActiveCfg = Release|Any CPU
		{B46AA6B2-BB7E-45DB-BAF6-BC5F39226199}.Release|Any CPU.Build.0 = Release|Any CPU
	EndGlobalSection
	GlobalSection(SolutionProperties) = preSolution
		HideSolutionNode = FALSE
	EndGlobalSection
EndGlobal
